
Microsoft Visual Studio Solution File, Format Version 12.00
# Visual Studio 15
VisualStudioVersion = 15.0.28307.106
MinimumVisualStudioVersion = 10.0.40219.1
Project("{9A19103F-16F7-4668-BE54-9A1E7A4F7556}") = "WhoCanRelate", "WhoCanRelate\WhoCanRelate.csproj", "{BC58F8CC-990C-47C1-815B-13A2380DC1FE}"
EndProject
Project("{FAE04EC0-301F-11D3-BF4B-00C04F79EFBC}") = "WhocanrelateTest", "WhocanrelateTest\WhocanrelateTest.csproj", "{5FFD8479-7CD3-4D77-AD14-2F6DF0540E81}"
EndProject
Global
	GlobalSection(SolutionConfigurationPlatforms) = preSolution
		Debug|Any CPU = Debug|Any CPU
		Release|Any CPU = Release|Any CPU
	EndGlobalSection
	GlobalSection(ProjectConfigurationPlatforms) = postSolution
		{BC58F8CC-990C-47C1-815B-13A2380DC1FE}.Debug|Any CPU.ActiveCfg = Debug|Any CPU
		{BC58F8CC-990C-47C1-815B-13A2380DC1FE}.Debug|Any CPU.Build.0 = Debug|Any CPU
		{BC58F8CC-990C-47C1-815B-13A2380DC1FE}.Release|Any CPU.ActiveCfg = Release|Any CPU
		{BC58F8CC-990C-47C1-815B-13A2380DC1FE}.Release|Any CPU.Build.0 = Release|Any CPU
		{5FFD8479-7CD3-4D77-AD14-2F6DF0540E81}.Debug|Any CPU.ActiveCfg = Debug|Any CPU
		{5FFD8479-7CD3-4D77-AD14-2F6DF0540E81}.Debug|Any CPU.Build.0 = Debug|Any CPU
		{5FFD8479-7CD3-4D77-AD14-2F6DF0540E81}.Release|Any CPU.ActiveCfg = Release|Any CPU
		{5FFD8479-7CD3-4D77-AD14-2F6DF0540E81}.Release|Any CPU.Build.0 = Release|Any CPU
	EndGlobalSection
	GlobalSection(SolutionProperties) = preSolution
		HideSolutionNode = FALSE
	EndGlobalSection
	GlobalSection(ExtensibilityGlobals) = postSolution
		SolutionGuid = {D1FEFED1-91BE-463D-9E71-9FEEDA5EB338}
	EndGlobalSection
EndGlobal
